
Microsoft Visual Studio Solution File, Format Version 12.00
# Visual Studio Version 17
VisualStudioVersion = 17.0.31903.59
MinimumVisualStudioVersion = 10.0.40219.1
Project("{FAE04EC0-301F-11D3-BF4B-00C04F79EFBC}") = "API", "API\API.csproj", "{07B00134-A529-4834-BF7F-876418158C42}"
EndProject
Project("{FAE04EC0-301F-11D3-BF4B-00C04F79EFBC}") = "Application", "Application\Application.csproj", "{04D253ED-98CD-4716-95D9-4579F3FAF0E9}"
EndProject
Project("{FAE04EC0-301F-11D3-BF4B-00C04F79EFBC}") = "Persistence", "Persistence\Persistence.csproj", "{F1D44D8D-DCC0-42E5-AF7C-84C1344DA86E}"
EndProject
Project("{FAE04EC0-301F-11D3-BF4B-00C04F79EFBC}") = "Domain", "Domain\Domain.csproj", "{9C2F65DC-2A91-4A67-812E-D3DC99CA907A}"
EndProject
Global
	GlobalSection(SolutionConfigurationPlatforms) = preSolution
		Debug|Any CPU = Debug|Any CPU
		Release|Any CPU = Release|Any CPU
	EndGlobalSection
	GlobalSection(SolutionProperties) = preSolution
		HideSolutionNode = FALSE
	EndGlobalSection
	GlobalSection(ProjectConfigurationPlatforms) = postSolution
		{07B00134-A529-4834-BF7F-876418158C42}.Debug|Any CPU.ActiveCfg = Debug|Any CPU
		{07B00134-A529-4834-BF7F-876418158C42}.Debug|Any CPU.Build.0 = Debug|Any CPU
		{07B00134-A529-4834-BF7F-876418158C42}.Release|Any CPU.ActiveCfg = Release|Any CPU
		{07B00134-A529-4834-BF7F-876418158C42}.Release|Any CPU.Build.0 = Release|Any CPU
		{04D253ED-98CD-4716-95D9-4579F3FAF0E9}.Debug|Any CPU.ActiveCfg = Debug|Any CPU
		{04D253ED-98CD-4716-95D9-4579F3FAF0E9}.Debug|Any CPU.Build.0 = Debug|Any CPU
		{04D253ED-98CD-4716-95D9-4579F3FAF0E9}.Release|Any CPU.ActiveCfg = Release|Any CPU
		{04D253ED-98CD-4716-95D9-4579F3FAF0E9}.Release|Any CPU.Build.0 = Release|Any CPU
		{F1D44D8D-DCC0-42E5-AF7C-84C1344DA86E}.Debug|Any CPU.ActiveCfg = Debug|Any CPU
		{F1D44D8D-DCC0-42E5-AF7C-84C1344DA86E}.Debug|Any CPU.Build.0 = Debug|Any CPU
		{F1D44D8D-DCC0-42E5-AF7C-84C1344DA86E}.Release|Any CPU.ActiveCfg = Release|Any CPU
		{F1D44D8D-DCC0-42E5-AF7C-84C1344DA86E}.Release|Any CPU.Build.0 = Release|Any CPU
		{9C2F65DC-2A91-4A67-812E-D3DC99CA907A}.Debug|Any CPU.ActiveCfg = Debug|Any CPU
		{9C2F65DC-2A91-4A67-812E-D3DC99CA907A}.Debug|Any CPU.Build.0 = Debug|Any CPU
		{9C2F65DC-2A91-4A67-812E-D3DC99CA907A}.Release|Any CPU.ActiveCfg = Release|Any CPU
		{9C2F65DC-2A91-4A67-812E-D3DC99CA907A}.Release|Any CPU.Build.0 = Release|Any CPU
	EndGlobalSection
EndGlobal
